
Microsoft Visual Studio Solution File, Format Version 12.00
# Visual Studio Version 17
VisualStudioVersion = 17.1.32421.90
MinimumVisualStudioVersion = 10.0.40219.1
Project("{2150E333-8FDC-42A3-9474-1A3956D46DE8}") = "Solution Items", "Solution Items", "{CBBED9B9-AB6B-4800-83F6-1002D5514C89}"
	ProjectSection(SolutionItems) = preProject
		README.md = README.md
	EndProjectSection
EndProject
Project("{9A19103F-16F7-4668-BE54-9A1E7A4F7556}") = "TSwim.Core.Api.Tests.Unit", "TSwim.Core.Api.Tests.Unit\TSwim.Core.Api.Tests.Unit.csproj", "{AF805560-35F1-4A82-9B53-DEAF02EADB1D}"
EndProject
Project("{9A19103F-16F7-4668-BE54-9A1E7A4F7556}") = "TSwim.Core.Api.Infrastructure.Build", "TSwim.Core.Api.Infrastructure.Build\TSwim.Core.Api.Infrastructure.Build.csproj", "{39E137CE-9D90-429A-8DD9-CD32F7EA7F93}"
EndProject
Project("{9A19103F-16F7-4668-BE54-9A1E7A4F7556}") = "TSwim.Core.Api.Tests.Acceptance", "TSwim.Core.Api.Tests.Acceptance\TSwim.Core.Api.Tests.Acceptance.csproj", "{F4ECF93D-7F49-4257-8914-16F2C5E5F630}"
EndProject
Global
	GlobalSection(SolutionConfigurationPlatforms) = preSolution
		Debug|Any CPU = Debug|Any CPU
		Release|Any CPU = Release|Any CPU
	EndGlobalSection
	GlobalSection(ProjectConfigurationPlatforms) = postSolution
		{AF805560-35F1-4A82-9B53-DEAF02EADB1D}.Debug|Any CPU.ActiveCfg = Debug|Any CPU
		{AF805560-35F1-4A82-9B53-DEAF02EADB1D}.Debug|Any CPU.Build.0 = Debug|Any CPU
		{AF805560-35F1-4A82-9B53-DEAF02EADB1D}.Release|Any CPU.ActiveCfg = Release|Any CPU
		{AF805560-35F1-4A82-9B53-DEAF02EADB1D}.Release|Any CPU.Build.0 = Release|Any CPU
		{39E137CE-9D90-429A-8DD9-CD32F7EA7F93}.Debug|Any CPU.ActiveCfg = Debug|Any CPU
		{39E137CE-9D90-429A-8DD9-CD32F7EA7F93}.Debug|Any CPU.Build.0 = Debug|Any CPU
		{39E137CE-9D90-429A-8DD9-CD32F7EA7F93}.Release|Any CPU.ActiveCfg = Release|Any CPU
		{39E137CE-9D90-429A-8DD9-CD32F7EA7F93}.Release|Any CPU.Build.0 = Release|Any CPU
		{F4ECF93D-7F49-4257-8914-16F2C5E5F630}.Debug|Any CPU.ActiveCfg = Debug|Any CPU
		{F4ECF93D-7F49-4257-8914-16F2C5E5F630}.Debug|Any CPU.Build.0 = Debug|Any CPU
		{F4ECF93D-7F49-4257-8914-16F2C5E5F630}.Release|Any CPU.ActiveCfg = Release|Any CPU
		{F4ECF93D-7F49-4257-8914-16F2C5E5F630}.Release|Any CPU.Build.0 = Release|Any CPU
	EndGlobalSection
	GlobalSection(SolutionProperties) = preSolution
		HideSolutionNode = FALSE
	EndGlobalSection
	GlobalSection(ExtensibilityGlobals) = postSolution
		SolutionGuid = {41F47C6E-8590-4900-B315-039C3DE1EF22}
	EndGlobalSection
EndGlobal
