
Microsoft Visual Studio Solution File, Format Version 12.00
# Visual Studio Version 17
VisualStudioVersion = 17.1.32421.90
MinimumVisualStudioVersion = 10.0.40219.1
Project("{9A19103F-16F7-4668-BE54-9A1E7A4F7556}") = "TSwim.Core", "TSwim.Core\TSwim.Core.csproj", "{8B7F511B-0F6B-492E-AF50-AC943C239F9B}"
EndProject
Project("{2150E333-8FDC-42A3-9474-1A3956D46DE8}") = "Solution Items", "Solution Items", "{CBBED9B9-AB6B-4800-83F6-1002D5514C89}"
	ProjectSection(SolutionItems) = preProject
		README.md = README.md
	EndProjectSection
EndProject
Global
	GlobalSection(SolutionConfigurationPlatforms) = preSolution
		Debug|Any CPU = Debug|Any CPU
		Release|Any CPU = Release|Any CPU
	EndGlobalSection
	GlobalSection(ProjectConfigurationPlatforms) = postSolution
		{8B7F511B-0F6B-492E-AF50-AC943C239F9B}.Debug|Any CPU.ActiveCfg = Debug|Any CPU
		{8B7F511B-0F6B-492E-AF50-AC943C239F9B}.Debug|Any CPU.Build.0 = Debug|Any CPU
		{8B7F511B-0F6B-492E-AF50-AC943C239F9B}.Release|Any CPU.ActiveCfg = Release|Any CPU
		{8B7F511B-0F6B-492E-AF50-AC943C239F9B}.Release|Any CPU.Build.0 = Release|Any CPU
	EndGlobalSection
	GlobalSection(SolutionProperties) = preSolution
		HideSolutionNode = FALSE
	EndGlobalSection
	GlobalSection(ExtensibilityGlobals) = postSolution
		SolutionGuid = {41F47C6E-8590-4900-B315-039C3DE1EF22}
	EndGlobalSection
EndGlobal
